{
  "version": 4,
  "terraform_version": "1.15.8",
  "serial": 33,
  "lineage": "d8083580-5c10-2a0b-f0d3-70b18cb5eef3",
  "outputs": {
    "nodes": {
      "value": {
        "ks-cp-1": {
          "external_ip": "51.250.8.55",
          "internal_ip": "10.14.0.35",
          "role": "control-plane"
        },
        "ks-cp-2": {
          "external_ip": "51.250.4.119",
          "internal_ip": "10.14.0.19",
          "role": "control-plane"
        },
        "ks-cp-3": {
          "external_ip": "51.250.94.134",
          "internal_ip": "10.14.0.25",
          "role": "control-plane"
        },
        "ks-worker-1": {
          "external_ip": "51.250.82.193",
          "internal_ip": "10.14.0.22",
          "role": "worker"
        },
        "ks-worker-2": {
          "external_ip": "84.201.174.217",
          "internal_ip": "10.14.0.7",
          "role": "worker"
        }
      },
      "type": [
        "object",
        {
          "ks-cp-1": [
            "object",
            {
              "external_ip": "string",
              "internal_ip": "string",
              "role": "string"
            }
          ],
          "ks-cp-2": [
            "object",
            {
              "external_ip": "string",
              "internal_ip": "string",
              "role": "string"
            }
          ],
          "ks-cp-3": [
            "object",
            {
              "external_ip": "string",
              "internal_ip": "string",
              "role": "string"
            }
          ],
          "ks-worker-1": [
            "object",
            {
              "external_ip": "string",
              "internal_ip": "string",
              "role": "string"
            }
          ],
          "ks-worker-2": [
            "object",
            {
              "external_ip": "string",
              "internal_ip": "string",
              "role": "string"
            }
          ]
        }
      ]
    },
    "ssh_examples": {
      "value": [
        "ssh ubuntu@51.250.8.55 # ks-cp-1",
        "ssh ubuntu@51.250.4.119 # ks-cp-2",
        "ssh ubuntu@51.250.94.134 # ks-cp-3",
        "ssh ubuntu@51.250.82.193 # ks-worker-1",
        "ssh ubuntu@84.201.174.217 # ks-worker-2"
      ],
      "type": [
        "tuple",
        [
          "string",
          "string",
          "string",
          "string",
          "string"
        ]
      ]
    }
  },
  "resources": [
    {
      "mode": "data",
      "type": "yandex_compute_image",
      "name": "ubuntu",
      "provider": "provider[\"registry.terraform.io/yandex-cloud/yandex\"]",
      "instances": [
        {
          "schema_version": 0,
          "attributes": {
            "created_at": "2026-07-20T18:32:28Z",
            "description": "Ubuntu 22.04 lts v20260717030150",
            "family": "ubuntu-2204-lts",
            "folder_id": "standard-images",
            "hardware_generation": [
              {
                "generation2_features": [],
                "legacy_features": [
                  {
                    "pci_topology": "PCI_TOPOLOGY_V2"
                  }
                ]
              }
            ],
            "id": "fd8v76jjfrhmkq9p1t5f",
            "image_id": "fd8v76jjfrhmkq9p1t5f",
            "kms_key_id": null,
            "labels": {
              "version": "20260717030150",
              "x-hopper-operation-id": "d9pu5vmp2e480mglcm0s",
              "x-hopper-source-image-id": "fd8c7tbavrcst7incav7"
            },
            "min_disk_size": 8,
            "name": "ubuntu-22-04-lts-v20260720",
            "os_type": "linux",
            "pooled": true,
            "product_ids": [
              "f2eqd3b2q8m4rfo1q9jj"
            ],
            "size": 2,
            "status": "ready"
          },
          "sensitive_attributes": [],
          "identity_schema_version": 0
        }
      ]
    },
    {
      "mode": "managed",
      "type": "yandex_compute_instance",
      "name": "nodes",
      "provider": "provider[\"registry.terraform.io/yandex-cloud/yandex\"]",
      "instances": [
        {
          "index_key": "ks-cp-1",
          "schema_version": 1,
          "attributes": {
            "allow_recreate": null,
            "allow_stopping_for_update": null,
            "boot_disk": [
              {
                "auto_delete": true,
                "device_name": "fhmodt2ldktvc5dhe3fp",
                "disk_id": "fhmodt2ldktvc5dhe3fp",
                "initialize_params": [
                  {
                    "block_size": 4096,
                    "description": "",
                    "image_id": "fd8v76jjfrhmkq9p1t5f",
                    "kms_key_id": "",
                    "name": "",
                    "size": 40,
                    "snapshot_id": "",
                    "type": "network-hdd"
                  }
                ],
                "mode": "READ_WRITE"
              }
            ],
            "created_at": "2026-07-21T20:17:23Z",
            "description": "",
            "filesystem": [],
            "folder_id": "b1gcfeql1qok869p6jl7",
            "fqdn": "ks-cp-1.ru-central1.internal",
            "gpu_cluster_id": "",
            "hardware_generation": [
              {
                "generation2_features": [],
                "legacy_features": [
                  {
                    "pci_topology": "PCI_TOPOLOGY_V2"
                  }
                ]
              }
            ],
            "hostname": "ks-cp-1",
            "id": "fhmrtiomuh5cp1lba0l7",
            "labels": null,
            "local_disk": [],
            "maintenance_grace_period": "",
            "maintenance_policy": null,
            "metadata": {
              "serial-port-enable": "1",
              "ssh-keys": "ubuntu:ssh-ed25519 AAAAC3NzaC1lZDI1NTE5AAAAIPiRON9uCvMUSgiXxR9te4nMAJ+bcfbsx/WfFbYMNSbt sonya@fedora\n"
            },
            "metadata_options": [
              {
                "aws_v1_http_endpoint": 1,
                "aws_v1_http_token": 2,
                "aws_v2_http_endpoint": 1,
                "aws_v2_http_token": 1,
                "gce_http_endpoint": 1,
                "gce_http_token": 1
              }
            ],
            "name": "ks-cp-1",
            "network_acceleration_type": "standard",
            "network_interface": [
              {
                "dns_record": [],
                "index": 0,
                "ip_address": "10.14.0.35",
                "ipv4": true,
                "ipv6": false,
                "ipv6_address": "",
                "ipv6_dns_record": [],
                "mac_address": "d0:0d:1b:ec:b1:6f",
                "nat": true,
                "nat_dns_record": [],
                "nat_ip_address": "51.250.8.55",
                "nat_ip_version": "IPV4",
                "security_group_ids": [
                  "enp318p4qkicao9b8iou"
                ],
                "subnet_id": "e9brbin3kmlgnid0u3q0"
              }
            ],
            "placement_policy": [
              {
                "host_affinity_rules": [],
                "placement_group_id": "",
                "placement_group_partition": 0
              }
            ],
            "platform_id": "standard-v3",
            "reserved_instance_pool_id": "",
            "resources": [
              {
                "core_fraction": 100,
                "cores": 2,
                "gpus": 0,
                "memory": 4
              }
            ],
            "scheduling_policy": [
              {
                "preemptible": false
              }
            ],
            "secondary_disk": [],
            "service_account_id": "",
            "status": "running",
            "timeouts": null,
            "zone": "ru-central1-a"
          },
          "sensitive_attributes": [],
          "identity_schema_version": 0,
          "private": "eyJlMmJmYjczMC1lY2FhLTExZTYtOGY4OC0zNDM2M2JjN2M0YzAiOnsiY3JlYXRlIjozMDAwMDAwMDAwMDAsImRlbGV0ZSI6MzAwMDAwMDAwMDAwLCJ1cGRhdGUiOjMwMDAwMDAwMDAwMH0sInNjaGVtYV92ZXJzaW9uIjoiMSJ9",
          "dependencies": [
            "data.yandex_compute_image.ubuntu",
            "yandex_vpc_network.this",
            "yandex_vpc_security_group.k8s",
            "yandex_vpc_subnet.this"
          ]
        },
        {
          "index_key": "ks-cp-2",
          "schema_version": 1,
          "attributes": {
            "allow_recreate": null,
            "allow_stopping_for_update": null,
            "boot_disk": [
              {
                "auto_delete": true,
                "device_name": "fhm66m1t1isoqtorvi7i",
                "disk_id": "fhm66m1t1isoqtorvi7i",
                "initialize_params": [
                  {
                    "block_size": 4096,
                    "description": "",
                    "image_id": "fd8v76jjfrhmkq9p1t5f",
                    "kms_key_id": "",
                    "name": "",
                    "size": 40,
                    "snapshot_id": "",
                    "type": "network-hdd"
                  }
                ],
                "mode": "READ_WRITE"
              }
            ],
            "created_at": "2026-07-21T20:17:27Z",
            "description": "",
            "filesystem": [],
            "folder_id": "b1gcfeql1qok869p6jl7",
            "fqdn": "ks-cp-2.ru-central1.internal",
            "gpu_cluster_id": "",
            "hardware_generation": [
              {
                "generation2_features": [],
                "legacy_features": [
                  {
                    "pci_topology": "PCI_TOPOLOGY_V2"
                  }
                ]
              }
            ],
            "hostname": "ks-cp-2",
            "id": "fhm4eain233jd3rkkbv2",
            "labels": null,
            "local_disk": [],
            "maintenance_grace_period": "",
            "maintenance_policy": null,
            "metadata": {
              "serial-port-enable": "1",
              "ssh-keys": "ubuntu:ssh-ed25519 AAAAC3NzaC1lZDI1NTE5AAAAIPiRON9uCvMUSgiXxR9te4nMAJ+bcfbsx/WfFbYMNSbt sonya@fedora\n"
            },
            "metadata_options": [
              {
                "aws_v1_http_endpoint": 1,
                "aws_v1_http_token": 2,
                "aws_v2_http_endpoint": 1,
                "aws_v2_http_token": 1,
                "gce_http_endpoint": 1,
                "gce_http_token": 1
              }
            ],
            "name": "ks-cp-2",
            "network_acceleration_type": "standard",
            "network_interface": [
              {
                "dns_record": [],
                "index": 0,
                "ip_address": "10.14.0.19",
                "ipv4": true,
                "ipv6": false,
                "ipv6_address": "",
                "ipv6_dns_record": [],
                "mac_address": "d0:0d:47:2a:57:10",
                "nat": true,
                "nat_dns_record": [],
                "nat_ip_address": "51.250.4.119",
                "nat_ip_version": "IPV4",
                "security_group_ids": [
                  "enp318p4qkicao9b8iou"
                ],
                "subnet_id": "e9brbin3kmlgnid0u3q0"
              }
            ],
            "placement_policy": [
              {
                "host_affinity_rules": [],
                "placement_group_id": "",
                "placement_group_partition": 0
              }
            ],
            "platform_id": "standard-v3",
            "reserved_instance_pool_id": "",
            "resources": [
              {
                "core_fraction": 100,
                "cores": 2,
                "gpus": 0,
                "memory": 4
              }
            ],
            "scheduling_policy": [
              {
                "preemptible": false
              }
            ],
            "secondary_disk": [],
            "service_account_id": "",
            "status": "running",
            "timeouts": null,
            "zone": "ru-central1-a"
          },
          "sensitive_attributes": [],
          "identity_schema_version": 0,
          "private": "eyJlMmJmYjczMC1lY2FhLTExZTYtOGY4OC0zNDM2M2JjN2M0YzAiOnsiY3JlYXRlIjozMDAwMDAwMDAwMDAsImRlbGV0ZSI6MzAwMDAwMDAwMDAwLCJ1cGRhdGUiOjMwMDAwMDAwMDAwMH0sInNjaGVtYV92ZXJzaW9uIjoiMSJ9",
          "dependencies": [
            "data.yandex_compute_image.ubuntu",
            "yandex_vpc_network.this",
            "yandex_vpc_security_group.k8s",
            "yandex_vpc_subnet.this"
          ]
        },
        {
          "index_key": "ks-cp-3",
          "schema_version": 1,
          "attributes": {
            "allow_recreate": null,
            "allow_stopping_for_update": null,
            "boot_disk": [
              {
                "auto_delete": true,
                "device_name": "fhm2pmd1rpltv94m5ggi",
                "disk_id": "fhm2pmd1rpltv94m5ggi",
                "initialize_params": [
                  {
                    "block_size": 4096,
                    "description": "",
                    "image_id": "fd8v76jjfrhmkq9p1t5f",
                    "kms_key_id": "",
                    "name": "",
                    "size": 40,
                    "snapshot_id": "",
                    "type": "network-hdd"
                  }
                ],
                "mode": "READ_WRITE"
              }
            ],
            "created_at": "2026-07-21T20:06:04Z",
            "description": "",
            "filesystem": [],
            "folder_id": "b1gcfeql1qok869p6jl7",
            "fqdn": "ks-cp-3.ru-central1.internal",
            "gpu_cluster_id": "",
            "hardware_generation": [
              {
                "generation2_features": [],
                "legacy_features": [
                  {
                    "pci_topology": "PCI_TOPOLOGY_V2"
                  }
                ]
              }
            ],
            "hostname": "ks-cp-3",
            "id": "fhmr5jek62udkqtar8l0",
            "labels": {},
            "local_disk": [],
            "maintenance_grace_period": "",
            "maintenance_policy": null,
            "metadata": {
              "serial-port-enable": "1",
              "ssh-keys": "ubuntu:ssh-ed25519 AAAAC3NzaC1lZDI1NTE5AAAAIPiRON9uCvMUSgiXxR9te4nMAJ+bcfbsx/WfFbYMNSbt sonya@fedora\n"
            },
            "metadata_options": [
              {
                "aws_v1_http_endpoint": 1,
                "aws_v1_http_token": 2,
                "aws_v2_http_endpoint": 1,
                "aws_v2_http_token": 1,
                "gce_http_endpoint": 1,
                "gce_http_token": 1
              }
            ],
            "name": "ks-cp-3",
            "network_acceleration_type": "standard",
            "network_interface": [
              {
                "dns_record": [],
                "index": 0,
                "ip_address": "10.14.0.25",
                "ipv4": true,
                "ipv6": false,
                "ipv6_address": "",
                "ipv6_dns_record": [],
                "mac_address": "d0:0d:1b:2c:dd:43",
                "nat": true,
                "nat_dns_record": [],
                "nat_ip_address": "51.250.94.134",
                "nat_ip_version": "IPV4",
                "security_group_ids": [
                  "enp318p4qkicao9b8iou"
                ],
                "subnet_id": "e9brbin3kmlgnid0u3q0"
              }
            ],
            "placement_policy": [
              {
                "host_affinity_rules": [],
                "placement_group_id": "",
                "placement_group_partition": 0
              }
            ],
            "platform_id": "standard-v3",
            "reserved_instance_pool_id": "",
            "resources": [
              {
                "core_fraction": 100,
                "cores": 2,
                "gpus": 0,
                "memory": 4
              }
            ],
            "scheduling_policy": [
              {
                "preemptible": false
              }
            ],
            "secondary_disk": [],
            "service_account_id": "",
            "status": "running",
            "timeouts": null,
            "zone": "ru-central1-a"
          },
          "sensitive_attributes": [],
          "identity_schema_version": 0,
          "private": "eyJlMmJmYjczMC1lY2FhLTExZTYtOGY4OC0zNDM2M2JjN2M0YzAiOnsiY3JlYXRlIjozMDAwMDAwMDAwMDAsImRlbGV0ZSI6MzAwMDAwMDAwMDAwLCJ1cGRhdGUiOjMwMDAwMDAwMDAwMH0sInNjaGVtYV92ZXJzaW9uIjoiMSJ9",
          "dependencies": [
            "data.yandex_compute_image.ubuntu",
            "yandex_vpc_network.this",
            "yandex_vpc_security_group.k8s",
            "yandex_vpc_subnet.this"
          ]
        },
        {
          "index_key": "ks-worker-1",
          "schema_version": 1,
          "attributes": {
            "allow_recreate": null,
            "allow_stopping_for_update": null,
            "boot_disk": [
              {
                "auto_delete": true,
                "device_name": "fhmoaovc3krp49muqnjn",
                "disk_id": "fhmoaovc3krp49muqnjn",
                "initialize_params": [
                  {
                    "block_size": 4096,
                    "description": "",
                    "image_id": "fd8v76jjfrhmkq9p1t5f",
                    "kms_key_id": "",
                    "name": "",
                    "size": 40,
                    "snapshot_id": "",
                    "type": "network-hdd"
                  }
                ],
                "mode": "READ_WRITE"
              }
            ],
            "created_at": "2026-07-21T20:06:04Z",
            "description": "",
            "filesystem": [],
            "folder_id": "b1gcfeql1qok869p6jl7",
            "fqdn": "ks-worker-1.ru-central1.internal",
            "gpu_cluster_id": "",
            "hardware_generation": [
              {
                "generation2_features": [],
                "legacy_features": [
                  {
                    "pci_topology": "PCI_TOPOLOGY_V2"
                  }
                ]
              }
            ],
            "hostname": "ks-worker-1",
            "id": "fhmkf6ut2numkbub1c6m",
            "labels": {},
            "local_disk": [],
            "maintenance_grace_period": "",
            "maintenance_policy": null,
            "metadata": {
              "serial-port-enable": "1",
              "ssh-keys": "ubuntu:ssh-ed25519 AAAAC3NzaC1lZDI1NTE5AAAAIPiRON9uCvMUSgiXxR9te4nMAJ+bcfbsx/WfFbYMNSbt sonya@fedora\n"
            },
            "metadata_options": [
              {
                "aws_v1_http_endpoint": 1,
                "aws_v1_http_token": 2,
                "aws_v2_http_endpoint": 1,
                "aws_v2_http_token": 1,
                "gce_http_endpoint": 1,
                "gce_http_token": 1
              }
            ],
            "name": "ks-worker-1",
            "network_acceleration_type": "standard",
            "network_interface": [
              {
                "dns_record": [],
                "index": 0,
                "ip_address": "10.14.0.22",
                "ipv4": true,
                "ipv6": false,
                "ipv6_address": "",
                "ipv6_dns_record": [],
                "mac_address": "d0:0d:14:79:bd:d1",
                "nat": true,
                "nat_dns_record": [],
                "nat_ip_address": "51.250.82.193",
                "nat_ip_version": "IPV4",
                "security_group_ids": [
                  "enp318p4qkicao9b8iou"
                ],
                "subnet_id": "e9brbin3kmlgnid0u3q0"
              }
            ],
            "placement_policy": [
              {
                "host_affinity_rules": [],
                "placement_group_id": "",
                "placement_group_partition": 0
              }
            ],
            "platform_id": "standard-v3",
            "reserved_instance_pool_id": "",
            "resources": [
              {
                "core_fraction": 100,
                "cores": 2,
                "gpus": 0,
                "memory": 4
              }
            ],
            "scheduling_policy": [
              {
                "preemptible": false
              }
            ],
            "secondary_disk": [],
            "service_account_id": "",
            "status": "running",
            "timeouts": null,
            "zone": "ru-central1-a"
          },
          "sensitive_attributes": [],
          "identity_schema_version": 0,
          "private": "eyJlMmJmYjczMC1lY2FhLTExZTYtOGY4OC0zNDM2M2JjN2M0YzAiOnsiY3JlYXRlIjozMDAwMDAwMDAwMDAsImRlbGV0ZSI6MzAwMDAwMDAwMDAwLCJ1cGRhdGUiOjMwMDAwMDAwMDAwMH0sInNjaGVtYV92ZXJzaW9uIjoiMSJ9",
          "dependencies": [
            "data.yandex_compute_image.ubuntu",
            "yandex_vpc_network.this",
            "yandex_vpc_security_group.k8s",
            "yandex_vpc_subnet.this"
          ]
        },
        {
          "index_key": "ks-worker-2",
          "schema_version": 1,
          "attributes": {
            "allow_recreate": null,
            "allow_stopping_for_update": null,
            "boot_disk": [
              {
                "auto_delete": true,
                "device_name": "fhmfm35gc7skaa9ij35o",
                "disk_id": "fhmfm35gc7skaa9ij35o",
                "initialize_params": [
                  {
                    "block_size": 4096,
                    "description": "",
                    "image_id": "fd8v76jjfrhmkq9p1t5f",
                    "kms_key_id": "",
                    "name": "",
                    "size": 40,
                    "snapshot_id": "",
                    "type": "network-hdd"
                  }
                ],
                "mode": "READ_WRITE"
              }
            ],
            "created_at": "2026-07-21T20:06:05Z",
            "description": "",
            "filesystem": [],
            "folder_id": "b1gcfeql1qok869p6jl7",
            "fqdn": "ks-worker-2.ru-central1.internal",
            "gpu_cluster_id": "",
            "hardware_generation": [
              {
                "generation2_features": [],
                "legacy_features": [
                  {
                    "pci_topology": "PCI_TOPOLOGY_V2"
                  }
                ]
              }
            ],
            "hostname": "ks-worker-2",
            "id": "fhm2id7r1ngc91shr3ib",
            "labels": {},
            "local_disk": [],
            "maintenance_grace_period": "",
            "maintenance_policy": null,
            "metadata": {
              "serial-port-enable": "1",
              "ssh-keys": "ubuntu:ssh-ed25519 AAAAC3NzaC1lZDI1NTE5AAAAIPiRON9uCvMUSgiXxR9te4nMAJ+bcfbsx/WfFbYMNSbt sonya@fedora\n"
            },
            "metadata_options": [
              {
                "aws_v1_http_endpoint": 1,
                "aws_v1_http_token": 2,
                "aws_v2_http_endpoint": 1,
                "aws_v2_http_token": 1,
                "gce_http_endpoint": 1,
                "gce_http_token": 1
              }
            ],
            "name": "ks-worker-2",
            "network_acceleration_type": "standard",
            "network_interface": [
              {
                "dns_record": [],
                "index": 0,
                "ip_address": "10.14.0.7",
                "ipv4": true,
                "ipv6": false,
                "ipv6_address": "",
                "ipv6_dns_record": [],
                "mac_address": "d0:0d:29:34:fb:0d",
                "nat": true,
                "nat_dns_record": [],
                "nat_ip_address": "84.201.174.217",
                "nat_ip_version": "IPV4",
                "security_group_ids": [
                  "enp318p4qkicao9b8iou"
                ],
                "subnet_id": "e9brbin3kmlgnid0u3q0"
              }
            ],
            "placement_policy": [
              {
                "host_affinity_rules": [],
                "placement_group_id": "",
                "placement_group_partition": 0
              }
            ],
            "platform_id": "standard-v3",
            "reserved_instance_pool_id": "",
            "resources": [
              {
                "core_fraction": 100,
                "cores": 2,
                "gpus": 0,
                "memory": 4
              }
            ],
            "scheduling_policy": [
              {
                "preemptible": false
              }
            ],
            "secondary_disk": [],
            "service_account_id": "",
            "status": "running",
            "timeouts": null,
            "zone": "ru-central1-a"
          },
          "sensitive_attributes": [],
          "identity_schema_version": 0,
          "private": "eyJlMmJmYjczMC1lY2FhLTExZTYtOGY4OC0zNDM2M2JjN2M0YzAiOnsiY3JlYXRlIjozMDAwMDAwMDAwMDAsImRlbGV0ZSI6MzAwMDAwMDAwMDAwLCJ1cGRhdGUiOjMwMDAwMDAwMDAwMH0sInNjaGVtYV92ZXJzaW9uIjoiMSJ9",
          "dependencies": [
            "data.yandex_compute_image.ubuntu",
            "yandex_vpc_network.this",
            "yandex_vpc_security_group.k8s",
            "yandex_vpc_subnet.this"
          ]
        }
      ]
    },
    {
      "mode": "managed",
      "type": "yandex_vpc_network",
      "name": "this",
      "provider": "provider[\"registry.terraform.io/yandex-cloud/yandex\"]",
      "instances": [
        {
          "schema_version": 0,
          "attributes": {
            "created_at": "2026-07-21T20:06:00Z",
            "default_security_group_id": "enpejtcrsb8hgpgjb40o",
            "description": "",
            "folder_id": "b1gcfeql1qok869p6jl7",
            "id": "enpl8ttcm9qlslmm2qdg",
            "labels": {},
            "name": "dz14-kubespray-net",
            "subnet_ids": [
              "e9brbin3kmlgnid0u3q0"
            ],
            "timeouts": null
          },
          "sensitive_attributes": [],
          "identity_schema_version": 0,
          "private": "eyJlMmJmYjczMC1lY2FhLTExZTYtOGY4OC0zNDM2M2JjN2M0YzAiOnsiY3JlYXRlIjo2MDAwMDAwMDAwMCwiZGVsZXRlIjo2MDAwMDAwMDAwMCwidXBkYXRlIjo2MDAwMDAwMDAwMH19"
        }
      ]
    },
    {
      "mode": "managed",
      "type": "yandex_vpc_security_group",
      "name": "k8s",
      "provider": "provider[\"registry.terraform.io/yandex-cloud/yandex\"]",
      "instances": [
        {
          "schema_version": 0,
          "attributes": {
            "created_at": "2026-07-21T20:06:03Z",
            "description": "",
            "egress": [
              {
                "description": "Outbound Internet access",
                "from_port": -1,
                "id": "enpj28ckdd8pod9627lr",
                "labels": {},
                "port": -1,
                "predefined_target": "",
                "protocol": "ANY",
                "security_group_id": "",
                "to_port": -1,
                "v4_cidr_blocks": [
                  "0.0.0.0/0"
                ],
                "v6_cidr_blocks": []
              }
            ],
            "folder_id": "b1gcfeql1qok869p6jl7",
            "id": "enp318p4qkicao9b8iou",
            "ingress": [
              {
                "description": "Kubernetes API",
                "from_port": -1,
                "id": "enpets059ml6kd51enfo",
                "labels": {},
                "port": 6443,
                "predefined_target": "",
                "protocol": "TCP",
                "security_group_id": "",
                "to_port": -1,
                "v4_cidr_blocks": [
                  "0.0.0.0/0"
                ],
                "v6_cidr_blocks": []
              },
              {
                "description": "Node to node traffic inside lab subnet",
                "from_port": -1,
                "id": "enpqdev1gh3nkjlrmbu4",
                "labels": {},
                "port": -1,
                "predefined_target": "",
                "protocol": "ANY",
                "security_group_id": "",
                "to_port": -1,
                "v4_cidr_blocks": [
                  "10.14.0.0/24"
                ],
                "v6_cidr_blocks": []
              },
              {
                "description": "SSH",
                "from_port": -1,
                "id": "enp6uvjlg7o7ifg15tc9",
                "labels": {},
                "port": 22,
                "predefined_target": "",
                "protocol": "TCP",
                "security_group_id": "",
                "to_port": -1,
                "v4_cidr_blocks": [
                  "0.0.0.0/0"
                ],
                "v6_cidr_blocks": []
              }
            ],
            "labels": {},
            "name": "dz14-kubespray-sg",
            "network_id": "enpl8ttcm9qlslmm2qdg",
            "status": "ACTIVE",
            "timeouts": null
          },
          "sensitive_attributes": [],
          "identity_schema_version": 0,
          "private": "eyJlMmJmYjczMC1lY2FhLTExZTYtOGY4OC0zNDM2M2JjN2M0YzAiOnsiY3JlYXRlIjoxODAwMDAwMDAwMDAsImRlbGV0ZSI6MTgwMDAwMDAwMDAwLCJ1cGRhdGUiOjE4MDAwMDAwMDAwMH19",
          "dependencies": [
            "yandex_vpc_network.this"
          ]
        }
      ]
    },
    {
      "mode": "managed",
      "type": "yandex_vpc_subnet",
      "name": "this",
      "provider": "provider[\"registry.terraform.io/yandex-cloud/yandex\"]",
      "instances": [
        {
          "schema_version": 0,
          "attributes": {
            "created_at": "2026-07-21T20:06:02Z",
            "description": "",
            "dhcp_options": [],
            "folder_id": "b1gcfeql1qok869p6jl7",
            "id": "e9brbin3kmlgnid0u3q0",
            "labels": {},
            "name": "dz14-kubespray-subnet",
            "network_id": "enpl8ttcm9qlslmm2qdg",
            "route_table_id": "",
            "timeouts": null,
            "v4_cidr_blocks": [
              "10.14.0.0/24"
            ],
            "v6_cidr_blocks": [],
            "zone": "ru-central1-a"
          },
          "sensitive_attributes": [],
          "identity_schema_version": 0,
          "private": "eyJlMmJmYjczMC1lY2FhLTExZTYtOGY4OC0zNDM2M2JjN2M0YzAiOnsiY3JlYXRlIjoxODAwMDAwMDAwMDAsImRlbGV0ZSI6MTgwMDAwMDAwMDAwLCJ1cGRhdGUiOjE4MDAwMDAwMDAwMH19",
          "dependencies": [
            "yandex_vpc_network.this"
          ]
        }
      ]
    }
  ],
  "check_results": [
    {
      "object_kind": "var",
      "config_addr": "var.cluster_profile",
      "status": "pass",
      "objects": [
        {
          "object_addr": "var.cluster_profile",
          "status": "pass"
        }
      ]
    }
  ]
}
